
Microsoft Visual Studio Solution File, Format Version 12.00
# Visual Studio Version 16
VisualStudioVersion = 16.0.31005.135
MinimumVisualStudioVersion = 10.0.40219.1
Project("{9A19103F-16F7-4668-BE54-9A1E7A4F7556}") = "ISOB_2", "ISOB_2.csproj", "{0B52412C-6311-49C2-92FE-E8289CC7E2B4}"
EndProject
Global
	GlobalSection(SolutionConfigurationPlatforms) = preSolution
		Debug|Any CPU = Debug|Any CPU
		Release|Any CPU = Release|Any CPU
	EndGlobalSection
	GlobalSection(ProjectConfigurationPlatforms) = postSolution
		{0B52412C-6311-49C2-92FE-E8289CC7E2B4}.Debug|Any CPU.ActiveCfg = Debug|Any CPU
		{0B52412C-6311-49C2-92FE-E8289CC7E2B4}.Debug|Any CPU.Build.0 = Debug|Any CPU
		{0B52412C-6311-49C2-92FE-E8289CC7E2B4}.Release|Any CPU.ActiveCfg = Release|Any CPU
		{0B52412C-6311-49C2-92FE-E8289CC7E2B4}.Release|Any CPU.Build.0 = Release|Any CPU
	EndGlobalSection
	GlobalSection(SolutionProperties) = preSolution
		HideSolutionNode = FALSE
	EndGlobalSection
	GlobalSection(ExtensibilityGlobals) = postSolution
		SolutionGuid = {B9CAE0B3-647B-4159-95A4-6EEA37BEB91D}
	EndGlobalSection
EndGlobal
